
Microsoft Visual Studio Solution File, Format Version 12.00
# Visual Studio Version 17
VisualStudioVersion = 17.3.32901.215
MinimumVisualStudioVersion = 10.0.40219.1
Project("{8BC9CEB8-8B4A-11D0-8D11-00A0C91BC942}") = "Task 1", "Project1\Project1.vcxproj", "{1BA3C486-CC6E-4426-8025-9D36EA920A70}"
EndProject
Project("{8BC9CEB8-8B4A-11D0-8D11-00A0C91BC942}") = "Task 2", "Task 2\Task 2.vcxproj", "{9FA90662-1F71-4C17-A90F-9575AF7C30B0}"
EndProject
Project("{8BC9CEB8-8B4A-11D0-8D11-00A0C91BC942}") = "Task 3", "Task 3\Task 3.vcxproj", "{DF230B67-B3E7-4303-A44E-8E7F242A585F}"
EndProject
Project("{8BC9CEB8-8B4A-11D0-8D11-00A0C91BC942}") = "Task 4", "ask 4\ask 4.vcxproj", "{FFA950EB-749B-4EF4-9547-F8535B4DB9DD}"
EndProject
Project("{8BC9CEB8-8B4A-11D0-8D11-00A0C91BC942}") = "Task 5", "Task 5\Task 5.vcxproj", "{FA4A7271-65A3-498B-ABFD-1AF19EF6710C}"
EndProject
Project("{8BC9CEB8-8B4A-11D0-8D11-00A0C91BC942}") = "Task 6", "Task 6\Task 6.vcxproj", "{6B0FC245-1697-4037-99D5-01109A7D3A3D}"
EndProject
Project("{8BC9CEB8-8B4A-11D0-8D11-00A0C91BC942}") = "Task 7", "Task 7\Task 7.vcxproj", "{DDA0C243-AF63-4B88-B4D7-A725FA830069}"
EndProject
Project("{8BC9CEB8-8B4A-11D0-8D11-00A0C91BC942}") = "Task 8", "Task 8\Task 8.vcxproj", "{C46BFE6D-05F1-4022-8351-F85245B1B535}"
EndProject
Project("{8BC9CEB8-8B4A-11D0-8D11-00A0C91BC942}") = "Task 9", "Task 9\Task 9.vcxproj", "{D69C40AA-DF95-47CD-95A9-89E54244F62D}"
EndProject
Project("{8BC9CEB8-8B4A-11D0-8D11-00A0C91BC942}") = "Task 10", "Task 10\Task 10.vcxproj", "{DA8109B2-7BC5-40C9-B347-17FE4A929A46}"
EndProject
Global
	GlobalSection(SolutionConfigurationPlatforms) = preSolution
		Debug|x64 = Debug|x64
		Debug|x86 = Debug|x86
		Release|x64 = Release|x64
		Release|x86 = Release|x86
	EndGlobalSection
	GlobalSection(ProjectConfigurationPlatforms) = postSolution
		{1BA3C486-CC6E-4426-8025-9D36EA920A70}.Debug|x64.ActiveCfg = Debug|x64
		{1BA3C486-CC6E-4426-8025-9D36EA920A70}.Debug|x64.Build.0 = Debug|x64
		{1BA3C486-CC6E-4426-8025-9D36EA920A70}.Debug|x86.ActiveCfg = Debug|Win32
		{1BA3C486-CC6E-4426-8025-9D36EA920A70}.Debug|x86.Build.0 = Debug|Win32
		{1BA3C486-CC6E-4426-8025-9D36EA920A70}.Release|x64.ActiveCfg = Release|x64
		{1BA3C486-CC6E-4426-8025-9D36EA920A70}.Release|x64.Build.0 = Release|x64
		{1BA3C486-CC6E-4426-8025-9D36EA920A70}.Release|x86.ActiveCfg = Release|Win32
		{1BA3C486-CC6E-4426-8025-9D36EA920A70}.Release|x86.Build.0 = Release|Win32
		{9FA90662-1F71-4C17-A90F-9575AF7C30B0}.Debug|x64.ActiveCfg = Debug|x64
		{9FA90662-1F71-4C17-A90F-9575AF7C30B0}.Debug|x64.Build.0 = Debug|x64
		{9FA90662-1F71-4C17-A90F-9575AF7C30B0}.Debug|x86.ActiveCfg = Debug|Win32
		{9FA90662-1F71-4C17-A90F-9575AF7C30B0}.Debug|x86.Build.0 = Debug|Win32
		{9FA90662-1F71-4C17-A90F-9575AF7C30B0}.Release|x64.ActiveCfg = Release|x64
		{9FA90662-1F71-4C17-A90F-9575AF7C30B0}.Release|x64.Build.0 = Release|x64
		{9FA90662-1F71-4C17-A90F-9575AF7C30B0}.Release|x86.ActiveCfg = Release|Win32
		{9FA90662-1F71-4C17-A90F-9575AF7C30B0}.Release|x86.Build.0 = Release|Win32
		{DF230B67-B3E7-4303-A44E-8E7F242A585F}.Debug|x64.ActiveCfg = Debug|x64
		{DF230B67-B3E7-4303-A44E-8E7F242A585F}.Debug|x64.Build.0 = Debug|x64
		{DF230B67-B3E7-4303-A44E-8E7F242A585F}.Debug|x86.ActiveCfg = Debug|Win32
		{DF230B67-B3E7-4303-A44E-8E7F242A585F}.Debug|x86.Build.0 = Debug|Win32
		{DF230B67-B3E7-4303-A44E-8E7F242A585F}.Release|x64.ActiveCfg = Release|x64
		{DF230B67-B3E7-4303-A44E-8E7F242A585F}.Release|x64.Build.0 = Release|x64
		{DF230B67-B3E7-4303-A44E-8E7F242A585F}.Release|x86.ActiveCfg = Release|Win32
		{DF230B67-B3E7-4303-A44E-8E7F242A585F}.Release|x86.Build.0 = Release|Win32
		{FFA950EB-749B-4EF4-9547-F8535B4DB9DD}.Debug|x64.ActiveCfg = Debug|x64
		{FFA950EB-749B-4EF4-9547-F8535B4DB9DD}.Debug|x64.Build.0 = Debug|x64
		{FFA950EB-749B-4EF4-9547-F8535B4DB9DD}.Debug|x86.ActiveCfg = Debug|Win32
		{FFA950EB-749B-4EF4-9547-F8535B4DB9DD}.Debug|x86.Build.0 = Debug|Win32
		{FFA950EB-749B-4EF4-9547-F8535B4DB9DD}.Release|x64.ActiveCfg = Release|x64
		{FFA950EB-749B-4EF4-9547-F8535B4DB9DD}.Release|x64.Build.0 = Release|x64
		{FFA950EB-749B-4EF4-9547-F8535B4DB9DD}.Release|x86.ActiveCfg = Release|Win32
		{FFA950EB-749B-4EF4-9547-F8535B4DB9DD}.Release|x86.Build.0 = Release|Win32
		{FA4A7271-65A3-498B-ABFD-1AF19EF6710C}.Debug|x64.ActiveCfg = Debug|x64
		{FA4A7271-65A3-498B-ABFD-1AF19EF6710C}.Debug|x64.Build.0 = Debug|x64
		{FA4A7271-65A3-498B-ABFD-1AF19EF6710C}.Debug|x86.ActiveCfg = Debug|Win32
		{FA4A7271-65A3-498B-ABFD-1AF19EF6710C}.Debug|x86.Build.0 = Debug|Win32
		{FA4A7271-65A3-498B-ABFD-1AF19EF6710C}.Release|x64.ActiveCfg = Release|x64
		{FA4A7271-65A3-498B-ABFD-1AF19EF6710C}.Release|x64.Build.0 = Release|x64
		{FA4A7271-65A3-498B-ABFD-1AF19EF6710C}.Release|x86.ActiveCfg = Release|Win32
		{FA4A7271-65A3-498B-ABFD-1AF19EF6710C}.Release|x86.Build.0 = Release|Win32
		{6B0FC245-1697-4037-99D5-01109A7D3A3D}.Debug|x64.ActiveCfg = Debug|x64
		{6B0FC245-1697-4037-99D5-01109A7D3A3D}.Debug|x64.Build.0 = Debug|x64
		{6B0FC245-1697-4037-99D5-01109A7D3A3D}.Debug|x86.ActiveCfg = Debug|Win32
		{6B0FC245-1697-4037-99D5-01109A7D3A3D}.Debug|x86.Build.0 = Debug|Win32
		{6B0FC245-1697-4037-99D5-01109A7D3A3D}.Release|x64.ActiveCfg = Release|x64
		{6B0FC245-1697-4037-99D5-01109A7D3A3D}.Release|x64.Build.0 = Release|x64
		{6B0FC245-1697-4037-99D5-01109A7D3A3D}.Release|x86.ActiveCfg = Release|Win32
		{6B0FC245-1697-4037-99D5-01109A7D3A3D}.Release|x86.Build.0 = Release|Win32
		{DDA0C243-AF63-4B88-B4D7-A725FA830069}.Debug|x64.ActiveCfg = Debug|x64
		{DDA0C243-AF63-4B88-B4D7-A725FA830069}.Debug|x64.Build.0 = Debug|x64
		{DDA0C243-AF63-4B88-B4D7-A725FA830069}.Debug|x86.ActiveCfg = Debug|Win32
		{DDA0C243-AF63-4B88-B4D7-A725FA830069}.Debug|x86.Build.0 = Debug|Win32
		{DDA0C243-AF63-4B88-B4D7-A725FA830069}.Release|x64.ActiveCfg = Release|x64
		{DDA0C243-AF63-4B88-B4D7-A725FA830069}.Release|x64.Build.0 = Release|x64
		{DDA0C243-AF63-4B88-B4D7-A725FA830069}.Release|x86.ActiveCfg = Release|Win32
		{DDA0C243-AF63-4B88-B4D7-A725FA830069}.Release|x86.Build.0 = Release|Win32
		{C46BFE6D-05F1-4022-8351-F85245B1B535}.Debug|x64.ActiveCfg = Debug|x64
		{C46BFE6D-05F1-4022-8351-F85245B1B535}.Debug|x64.Build.0 = Debug|x64
		{C46BFE6D-05F1-4022-8351-F85245B1B535}.Debug|x86.ActiveCfg = Debug|Win32
		{C46BFE6D-05F1-4022-8351-F85245B1B535}.Debug|x86.Build.0 = Debug|Win32
		{C46BFE6D-05F1-4022-8351-F85245B1B535}.Release|x64.ActiveCfg = Release|x64
		{C46BFE6D-05F1-4022-8351-F85245B1B535}.Release|x64.Build.0 = Release|x64
		{C46BFE6D-05F1-4022-8351-F85245B1B535}.Release|x86.ActiveCfg = Release|Win32
		{C46BFE6D-05F1-4022-8351-F85245B1B535}.Release|x86.Build.0 = Release|Win32
		{D69C40AA-DF95-47CD-95A9-89E54244F62D}.Debug|x64.ActiveCfg = Debug|x64
		{D69C40AA-DF95-47CD-95A9-89E54244F62D}.Debug|x64.Build.0 = Debug|x64
		{D69C40AA-DF95-47CD-95A9-89E54244F62D}.Debug|x86.ActiveCfg = Debug|Win32
		{D69C40AA-DF95-47CD-95A9-89E54244F62D}.Debug|x86.Build.0 = Debug|Win32
		{D69C40AA-DF95-47CD-95A9-89E54244F62D}.Release|x64.ActiveCfg = Release|x64
		{D69C40AA-DF95-47CD-95A9-89E54244F62D}.Release|x64.Build.0 = Release|x64
		{D69C40AA-DF95-47CD-95A9-89E54244F62D}.Release|x86.ActiveCfg = Release|Win32
		{D69C40AA-DF95-47CD-95A9-89E54244F62D}.Release|x86.Build.0 = Release|Win32
		{DA8109B2-7BC5-40C9-B347-17FE4A929A46}.Debug|x64.ActiveCfg = Debug|x64
		{DA8109B2-7BC5-40C9-B347-17FE4A929A46}.Debug|x64.Build.0 = Debug|x64
		{DA8109B2-7BC5-40C9-B347-17FE4A929A46}.Debug|x86.ActiveCfg = Debug|Win32
		{DA8109B2-7BC5-40C9-B347-17FE4A929A46}.Debug|x86.Build.0 = Debug|Win32
		{DA8109B2-7BC5-40C9-B347-17FE4A929A46}.Release|x64.ActiveCfg = Release|x64
		{DA8109B2-7BC5-40C9-B347-17FE4A929A46}.Release|x64.Build.0 = Release|x64
		{DA8109B2-7BC5-40C9-B347-17FE4A929A46}.Release|x86.ActiveCfg = Release|Win32
		{DA8109B2-7BC5-40C9-B347-17FE4A929A46}.Release|x86.Build.0 = Release|Win32
	EndGlobalSection
	GlobalSection(SolutionProperties) = preSolution
		HideSolutionNode = FALSE
	EndGlobalSection
	GlobalSection(ExtensibilityGlobals) = postSolution
		SolutionGuid = {6E6038E9-94A5-4035-86DC-5D1954A17E99}
	EndGlobalSection
EndGlobal
