
Microsoft Visual Studio Solution File, Format Version 12.00
# Visual Studio Version 17
VisualStudioVersion = 17.3.32901.215
MinimumVisualStudioVersion = 10.0.40219.1
Project("{8BC9CEB8-8B4A-11D0-8D11-00A0C91BC942}") = "Task 1", "Task 1\Task 1.vcxproj", "{6AB2AB58-1496-4706-B81A-AB0F49A4A4D4}"
EndProject
Project("{8BC9CEB8-8B4A-11D0-8D11-00A0C91BC942}") = "Task 2", "Task 2\Task 2.vcxproj", "{429F1043-CCE6-433E-91B6-51F7AC636CD6}"
EndProject
Project("{8BC9CEB8-8B4A-11D0-8D11-00A0C91BC942}") = "Task 3", "Task 3\Task 3.vcxproj", "{D9835755-36FA-4CFA-8A2E-3AAAB00E813B}"
EndProject
Project("{8BC9CEB8-8B4A-11D0-8D11-00A0C91BC942}") = "Task 4", "Task 4\Task 4.vcxproj", "{0A90D8C3-9461-4590-9FD7-F745BA002834}"
EndProject
Project("{8BC9CEB8-8B4A-11D0-8D11-00A0C91BC942}") = "Task 5", "Task 5\Task 5.vcxproj", "{31B46EDB-D4F3-47C7-B5C9-1648602D876E}"
EndProject
Global
	GlobalSection(SolutionConfigurationPlatforms) = preSolution
		Debug|x64 = Debug|x64
		Debug|x86 = Debug|x86
		Release|x64 = Release|x64
		Release|x86 = Release|x86
	EndGlobalSection
	GlobalSection(ProjectConfigurationPlatforms) = postSolution
		{6AB2AB58-1496-4706-B81A-AB0F49A4A4D4}.Debug|x64.ActiveCfg = Debug|x64
		{6AB2AB58-1496-4706-B81A-AB0F49A4A4D4}.Debug|x64.Build.0 = Debug|x64
		{6AB2AB58-1496-4706-B81A-AB0F49A4A4D4}.Debug|x86.ActiveCfg = Debug|Win32
		{6AB2AB58-1496-4706-B81A-AB0F49A4A4D4}.Debug|x86.Build.0 = Debug|Win32
		{6AB2AB58-1496-4706-B81A-AB0F49A4A4D4}.Release|x64.ActiveCfg = Release|x64
		{6AB2AB58-1496-4706-B81A-AB0F49A4A4D4}.Release|x64.Build.0 = Release|x64
		{6AB2AB58-1496-4706-B81A-AB0F49A4A4D4}.Release|x86.ActiveCfg = Release|Win32
		{6AB2AB58-1496-4706-B81A-AB0F49A4A4D4}.Release|x86.Build.0 = Release|Win32
		{429F1043-CCE6-433E-91B6-51F7AC636CD6}.Debug|x64.ActiveCfg = Debug|x64
		{429F1043-CCE6-433E-91B6-51F7AC636CD6}.Debug|x64.Build.0 = Debug|x64
		{429F1043-CCE6-433E-91B6-51F7AC636CD6}.Debug|x86.ActiveCfg = Debug|Win32
		{429F1043-CCE6-433E-91B6-51F7AC636CD6}.Debug|x86.Build.0 = Debug|Win32
		{429F1043-CCE6-433E-91B6-51F7AC636CD6}.Release|x64.ActiveCfg = Release|x64
		{429F1043-CCE6-433E-91B6-51F7AC636CD6}.Release|x64.Build.0 = Release|x64
		{429F1043-CCE6-433E-91B6-51F7AC636CD6}.Release|x86.ActiveCfg = Release|Win32
		{429F1043-CCE6-433E-91B6-51F7AC636CD6}.Release|x86.Build.0 = Release|Win32
		{D9835755-36FA-4CFA-8A2E-3AAAB00E813B}.Debug|x64.ActiveCfg = Debug|x64
		{D9835755-36FA-4CFA-8A2E-3AAAB00E813B}.Debug|x64.Build.0 = Debug|x64
		{D9835755-36FA-4CFA-8A2E-3AAAB00E813B}.Debug|x86.ActiveCfg = Debug|Win32
		{D9835755-36FA-4CFA-8A2E-3AAAB00E813B}.Debug|x86.Build.0 = Debug|Win32
		{D9835755-36FA-4CFA-8A2E-3AAAB00E813B}.Release|x64.ActiveCfg = Release|x64
		{D9835755-36FA-4CFA-8A2E-3AAAB00E813B}.Release|x64.Build.0 = Release|x64
		{D9835755-36FA-4CFA-8A2E-3AAAB00E813B}.Release|x86.ActiveCfg = Release|Win32
		{D9835755-36FA-4CFA-8A2E-3AAAB00E813B}.Release|x86.Build.0 = Release|Win32
		{0A90D8C3-9461-4590-9FD7-F745BA002834}.Debug|x64.ActiveCfg = Debug|x64
		{0A90D8C3-9461-4590-9FD7-F745BA002834}.Debug|x64.Build.0 = Debug|x64
		{0A90D8C3-9461-4590-9FD7-F745BA002834}.Debug|x86.ActiveCfg = Debug|Win32
		{0A90D8C3-9461-4590-9FD7-F745BA002834}.Debug|x86.Build.0 = Debug|Win32
		{0A90D8C3-9461-4590-9FD7-F745BA002834}.Release|x64.ActiveCfg = Release|x64
		{0A90D8C3-9461-4590-9FD7-F745BA002834}.Release|x64.Build.0 = Release|x64
		{0A90D8C3-9461-4590-9FD7-F745BA002834}.Release|x86.ActiveCfg = Release|Win32
		{0A90D8C3-9461-4590-9FD7-F745BA002834}.Release|x86.Build.0 = Release|Win32
		{31B46EDB-D4F3-47C7-B5C9-1648602D876E}.Debug|x64.ActiveCfg = Debug|x64
		{31B46EDB-D4F3-47C7-B5C9-1648602D876E}.Debug|x64.Build.0 = Debug|x64
		{31B46EDB-D4F3-47C7-B5C9-1648602D876E}.Debug|x86.ActiveCfg = Debug|Win32
		{31B46EDB-D4F3-47C7-B5C9-1648602D876E}.Debug|x86.Build.0 = Debug|Win32
		{31B46EDB-D4F3-47C7-B5C9-1648602D876E}.Release|x64.ActiveCfg = Release|x64
		{31B46EDB-D4F3-47C7-B5C9-1648602D876E}.Release|x64.Build.0 = Release|x64
		{31B46EDB-D4F3-47C7-B5C9-1648602D876E}.Release|x86.ActiveCfg = Release|Win32
		{31B46EDB-D4F3-47C7-B5C9-1648602D876E}.Release|x86.Build.0 = Release|Win32
	EndGlobalSection
	GlobalSection(SolutionProperties) = preSolution
		HideSolutionNode = FALSE
	EndGlobalSection
	GlobalSection(ExtensibilityGlobals) = postSolution
		SolutionGuid = {81E74E7E-8D73-4A31-BA9E-44418C688863}
	EndGlobalSection
EndGlobal
