
Microsoft Visual Studio Solution File, Format Version 12.00
# Visual Studio Version 17
VisualStudioVersion = 17.3.32901.215
MinimumVisualStudioVersion = 10.0.40219.1
Project("{8BC9CEB8-8B4A-11D0-8D11-00A0C91BC942}") = "Task 1", "Task 1\Task 1.vcxproj", "{5E99C4F4-1617-415B-86B9-B19882ED844C}"
EndProject
Project("{8BC9CEB8-8B4A-11D0-8D11-00A0C91BC942}") = "Task 3", "Task 3\Task 3.vcxproj", "{3575AB2A-0720-43BC-A992-AB36985A0D26}"
EndProject
Project("{8BC9CEB8-8B4A-11D0-8D11-00A0C91BC942}") = "Task 5", "Task 5\Task 5.vcxproj", "{951F753C-41F0-4345-9789-D52224F962F4}"
EndProject
Project("{8BC9CEB8-8B4A-11D0-8D11-00A0C91BC942}") = "Task 2", "Task 2\Task 2.vcxproj", "{973140BC-5DAE-4BB8-9BE6-B0C82B54AF67}"
EndProject
Project("{8BC9CEB8-8B4A-11D0-8D11-00A0C91BC942}") = "Task 6", "Task 6\Task 6.vcxproj", "{6FC34D0A-0C3C-44E9-834B-FCFFAF4D5884}"
EndProject
Project("{8BC9CEB8-8B4A-11D0-8D11-00A0C91BC942}") = "Task 7 prikolniy", "Task 7\Task 7.vcxproj", "{F18EF656-7B11-4784-886E-C9019BFA4C22}"
EndProject
Project("{8BC9CEB8-8B4A-11D0-8D11-00A0C91BC942}") = "Task 7 normalniy", "Task 7 normalniy\Task 7 normalniy.vcxproj", "{AE0EEF18-C5E8-40D7-BD1A-82F5F7CBEA1B}"
EndProject
Project("{8BC9CEB8-8B4A-11D0-8D11-00A0C91BC942}") = "Task 10", "Task 10\Task 10.vcxproj", "{24C5C580-C7D2-4617-B4D1-08DCC4AA43EB}"
EndProject
Project("{8BC9CEB8-8B4A-11D0-8D11-00A0C91BC942}") = "Task 4", "Task 4\Task 4.vcxproj", "{269035A5-0125-4DEE-8DAB-E2E507124EAC}"
EndProject
Project("{8BC9CEB8-8B4A-11D0-8D11-00A0C91BC942}") = "Task 8", "Task 8\Task 8.vcxproj", "{1A2DFC8F-3225-4B85-B0B5-44F3F95ED0A2}"
EndProject
Project("{8BC9CEB8-8B4A-11D0-8D11-00A0C91BC942}") = "Task 9", "Task 9\Task 9.vcxproj", "{6ADF3981-EC4B-4BE5-BA83-B5D2585250B5}"
EndProject
Global
	GlobalSection(SolutionConfigurationPlatforms) = preSolution
		Debug|x64 = Debug|x64
		Debug|x86 = Debug|x86
		Release|x64 = Release|x64
		Release|x86 = Release|x86
	EndGlobalSection
	GlobalSection(ProjectConfigurationPlatforms) = postSolution
		{5E99C4F4-1617-415B-86B9-B19882ED844C}.Debug|x64.ActiveCfg = Debug|x64
		{5E99C4F4-1617-415B-86B9-B19882ED844C}.Debug|x64.Build.0 = Debug|x64
		{5E99C4F4-1617-415B-86B9-B19882ED844C}.Debug|x86.ActiveCfg = Debug|Win32
		{5E99C4F4-1617-415B-86B9-B19882ED844C}.Debug|x86.Build.0 = Debug|Win32
		{5E99C4F4-1617-415B-86B9-B19882ED844C}.Release|x64.ActiveCfg = Release|x64
		{5E99C4F4-1617-415B-86B9-B19882ED844C}.Release|x64.Build.0 = Release|x64
		{5E99C4F4-1617-415B-86B9-B19882ED844C}.Release|x86.ActiveCfg = Release|Win32
		{5E99C4F4-1617-415B-86B9-B19882ED844C}.Release|x86.Build.0 = Release|Win32
		{3575AB2A-0720-43BC-A992-AB36985A0D26}.Debug|x64.ActiveCfg = Debug|x64
		{3575AB2A-0720-43BC-A992-AB36985A0D26}.Debug|x64.Build.0 = Debug|x64
		{3575AB2A-0720-43BC-A992-AB36985A0D26}.Debug|x86.ActiveCfg = Debug|Win32
		{3575AB2A-0720-43BC-A992-AB36985A0D26}.Debug|x86.Build.0 = Debug|Win32
		{3575AB2A-0720-43BC-A992-AB36985A0D26}.Release|x64.ActiveCfg = Release|x64
		{3575AB2A-0720-43BC-A992-AB36985A0D26}.Release|x64.Build.0 = Release|x64
		{3575AB2A-0720-43BC-A992-AB36985A0D26}.Release|x86.ActiveCfg = Release|Win32
		{3575AB2A-0720-43BC-A992-AB36985A0D26}.Release|x86.Build.0 = Release|Win32
		{951F753C-41F0-4345-9789-D52224F962F4}.Debug|x64.ActiveCfg = Debug|x64
		{951F753C-41F0-4345-9789-D52224F962F4}.Debug|x64.Build.0 = Debug|x64
		{951F753C-41F0-4345-9789-D52224F962F4}.Debug|x86.ActiveCfg = Debug|Win32
		{951F753C-41F0-4345-9789-D52224F962F4}.Debug|x86.Build.0 = Debug|Win32
		{951F753C-41F0-4345-9789-D52224F962F4}.Release|x64.ActiveCfg = Release|x64
		{951F753C-41F0-4345-9789-D52224F962F4}.Release|x64.Build.0 = Release|x64
		{951F753C-41F0-4345-9789-D52224F962F4}.Release|x86.ActiveCfg = Release|Win32
		{951F753C-41F0-4345-9789-D52224F962F4}.Release|x86.Build.0 = Release|Win32
		{973140BC-5DAE-4BB8-9BE6-B0C82B54AF67}.Debug|x64.ActiveCfg = Debug|x64
		{973140BC-5DAE-4BB8-9BE6-B0C82B54AF67}.Debug|x64.Build.0 = Debug|x64
		{973140BC-5DAE-4BB8-9BE6-B0C82B54AF67}.Debug|x86.ActiveCfg = Debug|Win32
		{973140BC-5DAE-4BB8-9BE6-B0C82B54AF67}.Debug|x86.Build.0 = Debug|Win32
		{973140BC-5DAE-4BB8-9BE6-B0C82B54AF67}.Release|x64.ActiveCfg = Release|x64
		{973140BC-5DAE-4BB8-9BE6-B0C82B54AF67}.Release|x64.Build.0 = Release|x64
		{973140BC-5DAE-4BB8-9BE6-B0C82B54AF67}.Release|x86.ActiveCfg = Release|Win32
		{973140BC-5DAE-4BB8-9BE6-B0C82B54AF67}.Release|x86.Build.0 = Release|Win32
		{6FC34D0A-0C3C-44E9-834B-FCFFAF4D5884}.Debug|x64.ActiveCfg = Debug|x64
		{6FC34D0A-0C3C-44E9-834B-FCFFAF4D5884}.Debug|x64.Build.0 = Debug|x64
		{6FC34D0A-0C3C-44E9-834B-FCFFAF4D5884}.Debug|x86.ActiveCfg = Debug|Win32
		{6FC34D0A-0C3C-44E9-834B-FCFFAF4D5884}.Debug|x86.Build.0 = Debug|Win32
		{6FC34D0A-0C3C-44E9-834B-FCFFAF4D5884}.Release|x64.ActiveCfg = Release|x64
		{6FC34D0A-0C3C-44E9-834B-FCFFAF4D5884}.Release|x64.Build.0 = Release|x64
		{6FC34D0A-0C3C-44E9-834B-FCFFAF4D5884}.Release|x86.ActiveCfg = Release|Win32
		{6FC34D0A-0C3C-44E9-834B-FCFFAF4D5884}.Release|x86.Build.0 = Release|Win32
		{F18EF656-7B11-4784-886E-C9019BFA4C22}.Debug|x64.ActiveCfg = Debug|x64
		{F18EF656-7B11-4784-886E-C9019BFA4C22}.Debug|x64.Build.0 = Debug|x64
		{F18EF656-7B11-4784-886E-C9019BFA4C22}.Debug|x86.ActiveCfg = Debug|Win32
		{F18EF656-7B11-4784-886E-C9019BFA4C22}.Debug|x86.Build.0 = Debug|Win32
		{F18EF656-7B11-4784-886E-C9019BFA4C22}.Release|x64.ActiveCfg = Release|x64
		{F18EF656-7B11-4784-886E-C9019BFA4C22}.Release|x64.Build.0 = Release|x64
		{F18EF656-7B11-4784-886E-C9019BFA4C22}.Release|x86.ActiveCfg = Release|Win32
		{F18EF656-7B11-4784-886E-C9019BFA4C22}.Release|x86.Build.0 = Release|Win32
		{AE0EEF18-C5E8-40D7-BD1A-82F5F7CBEA1B}.Debug|x64.ActiveCfg = Debug|x64
		{AE0EEF18-C5E8-40D7-BD1A-82F5F7CBEA1B}.Debug|x64.Build.0 = Debug|x64
		{AE0EEF18-C5E8-40D7-BD1A-82F5F7CBEA1B}.Debug|x86.ActiveCfg = Debug|Win32
		{AE0EEF18-C5E8-40D7-BD1A-82F5F7CBEA1B}.Debug|x86.Build.0 = Debug|Win32
		{AE0EEF18-C5E8-40D7-BD1A-82F5F7CBEA1B}.Release|x64.ActiveCfg = Release|x64
		{AE0EEF18-C5E8-40D7-BD1A-82F5F7CBEA1B}.Release|x64.Build.0 = Release|x64
		{AE0EEF18-C5E8-40D7-BD1A-82F5F7CBEA1B}.Release|x86.ActiveCfg = Release|Win32
		{AE0EEF18-C5E8-40D7-BD1A-82F5F7CBEA1B}.Release|x86.Build.0 = Release|Win32
		{24C5C580-C7D2-4617-B4D1-08DCC4AA43EB}.Debug|x64.ActiveCfg = Debug|x64
		{24C5C580-C7D2-4617-B4D1-08DCC4AA43EB}.Debug|x64.Build.0 = Debug|x64
		{24C5C580-C7D2-4617-B4D1-08DCC4AA43EB}.Debug|x86.ActiveCfg = Debug|Win32
		{24C5C580-C7D2-4617-B4D1-08DCC4AA43EB}.Debug|x86.Build.0 = Debug|Win32
		{24C5C580-C7D2-4617-B4D1-08DCC4AA43EB}.Release|x64.ActiveCfg = Release|x64
		{24C5C580-C7D2-4617-B4D1-08DCC4AA43EB}.Release|x64.Build.0 = Release|x64
		{24C5C580-C7D2-4617-B4D1-08DCC4AA43EB}.Release|x86.ActiveCfg = Release|Win32
		{24C5C580-C7D2-4617-B4D1-08DCC4AA43EB}.Release|x86.Build.0 = Release|Win32
		{269035A5-0125-4DEE-8DAB-E2E507124EAC}.Debug|x64.ActiveCfg = Debug|x64
		{269035A5-0125-4DEE-8DAB-E2E507124EAC}.Debug|x64.Build.0 = Debug|x64
		{269035A5-0125-4DEE-8DAB-E2E507124EAC}.Debug|x86.ActiveCfg = Debug|Win32
		{269035A5-0125-4DEE-8DAB-E2E507124EAC}.Debug|x86.Build.0 = Debug|Win32
		{269035A5-0125-4DEE-8DAB-E2E507124EAC}.Release|x64.ActiveCfg = Release|x64
		{269035A5-0125-4DEE-8DAB-E2E507124EAC}.Release|x64.Build.0 = Release|x64
		{269035A5-0125-4DEE-8DAB-E2E507124EAC}.Release|x86.ActiveCfg = Release|Win32
		{269035A5-0125-4DEE-8DAB-E2E507124EAC}.Release|x86.Build.0 = Release|Win32
		{1A2DFC8F-3225-4B85-B0B5-44F3F95ED0A2}.Debug|x64.ActiveCfg = Debug|x64
		{1A2DFC8F-3225-4B85-B0B5-44F3F95ED0A2}.Debug|x64.Build.0 = Debug|x64
		{1A2DFC8F-3225-4B85-B0B5-44F3F95ED0A2}.Debug|x86.ActiveCfg = Debug|Win32
		{1A2DFC8F-3225-4B85-B0B5-44F3F95ED0A2}.Debug|x86.Build.0 = Debug|Win32
		{1A2DFC8F-3225-4B85-B0B5-44F3F95ED0A2}.Release|x64.ActiveCfg = Release|x64
		{1A2DFC8F-3225-4B85-B0B5-44F3F95ED0A2}.Release|x64.Build.0 = Release|x64
		{1A2DFC8F-3225-4B85-B0B5-44F3F95ED0A2}.Release|x86.ActiveCfg = Release|Win32
		{1A2DFC8F-3225-4B85-B0B5-44F3F95ED0A2}.Release|x86.Build.0 = Release|Win32
		{6ADF3981-EC4B-4BE5-BA83-B5D2585250B5}.Debug|x64.ActiveCfg = Debug|x64
		{6ADF3981-EC4B-4BE5-BA83-B5D2585250B5}.Debug|x64.Build.0 = Debug|x64
		{6ADF3981-EC4B-4BE5-BA83-B5D2585250B5}.Debug|x86.ActiveCfg = Debug|Win32
		{6ADF3981-EC4B-4BE5-BA83-B5D2585250B5}.Debug|x86.Build.0 = Debug|Win32
		{6ADF3981-EC4B-4BE5-BA83-B5D2585250B5}.Release|x64.ActiveCfg = Release|x64
		{6ADF3981-EC4B-4BE5-BA83-B5D2585250B5}.Release|x64.Build.0 = Release|x64
		{6ADF3981-EC4B-4BE5-BA83-B5D2585250B5}.Release|x86.ActiveCfg = Release|Win32
		{6ADF3981-EC4B-4BE5-BA83-B5D2585250B5}.Release|x86.Build.0 = Release|Win32
	EndGlobalSection
	GlobalSection(SolutionProperties) = preSolution
		HideSolutionNode = FALSE
	EndGlobalSection
	GlobalSection(ExtensibilityGlobals) = postSolution
		SolutionGuid = {C11E53EC-8958-459E-AF3C-25EB0A9353FD}
	EndGlobalSection
EndGlobal
