
Microsoft Visual Studio Solution File, Format Version 12.00
# Visual Studio Version 17
VisualStudioVersion = 17.3.32901.215
MinimumVisualStudioVersion = 10.0.40219.1
Project("{8BC9CEB8-8B4A-11D0-8D11-00A0C91BC942}") = "Task 1", "2022.10.01-Homework-2\2022.10.01-Homework-2.vcxproj", "{3C57C0FE-800C-4544-86CC-06C668B1D75A}"
EndProject
Project("{8BC9CEB8-8B4A-11D0-8D11-00A0C91BC942}") = "Taask 2", "Taask 2\Taask 2.vcxproj", "{CC5DD3D0-0E0F-4518-8845-437BAC8A2323}"
EndProject
Project("{8BC9CEB8-8B4A-11D0-8D11-00A0C91BC942}") = "tASK 3", "tASK 3\tASK 3.vcxproj", "{BAB5991A-AC6D-4D5F-9A67-523E27561427}"
EndProject
Project("{8BC9CEB8-8B4A-11D0-8D11-00A0C91BC942}") = "Task 4", "Task 4\Task 4.vcxproj", "{1DA790C5-A99F-479E-90E7-5642F8903CE5}"
EndProject
Project("{8BC9CEB8-8B4A-11D0-8D11-00A0C91BC942}") = "Task 5", "Task 5\Task 5.vcxproj", "{00B72881-2072-4A32-8CE5-6BF831FA72A0}"
EndProject
Project("{8BC9CEB8-8B4A-11D0-8D11-00A0C91BC942}") = "Task 6", "Task 6\Task 6.vcxproj", "{47AFCB52-8F4B-4AE8-8B38-85717CA89FAE}"
EndProject
Project("{8BC9CEB8-8B4A-11D0-8D11-00A0C91BC942}") = "Task 7", "Task 7\Task 7.vcxproj", "{7C1EACF3-4865-4662-AA97-77BABA0A9123}"
EndProject
Project("{8BC9CEB8-8B4A-11D0-8D11-00A0C91BC942}") = "Task 8", "Task 8\Task 8.vcxproj", "{09D62BBB-3B21-47D5-811B-EFD4C97785D5}"
EndProject
Project("{8BC9CEB8-8B4A-11D0-8D11-00A0C91BC942}") = "Task 9", "Task 9\Task 9.vcxproj", "{2E25BC41-659C-42A4-9AE7-A76C2870B608}"
EndProject
Global
	GlobalSection(SolutionConfigurationPlatforms) = preSolution
		Debug|x64 = Debug|x64
		Debug|x86 = Debug|x86
		Release|x64 = Release|x64
		Release|x86 = Release|x86
	EndGlobalSection
	GlobalSection(ProjectConfigurationPlatforms) = postSolution
		{3C57C0FE-800C-4544-86CC-06C668B1D75A}.Debug|x64.ActiveCfg = Debug|x64
		{3C57C0FE-800C-4544-86CC-06C668B1D75A}.Debug|x64.Build.0 = Debug|x64
		{3C57C0FE-800C-4544-86CC-06C668B1D75A}.Debug|x86.ActiveCfg = Debug|Win32
		{3C57C0FE-800C-4544-86CC-06C668B1D75A}.Debug|x86.Build.0 = Debug|Win32
		{3C57C0FE-800C-4544-86CC-06C668B1D75A}.Release|x64.ActiveCfg = Release|x64
		{3C57C0FE-800C-4544-86CC-06C668B1D75A}.Release|x64.Build.0 = Release|x64
		{3C57C0FE-800C-4544-86CC-06C668B1D75A}.Release|x86.ActiveCfg = Release|Win32
		{3C57C0FE-800C-4544-86CC-06C668B1D75A}.Release|x86.Build.0 = Release|Win32
		{CC5DD3D0-0E0F-4518-8845-437BAC8A2323}.Debug|x64.ActiveCfg = Debug|x64
		{CC5DD3D0-0E0F-4518-8845-437BAC8A2323}.Debug|x64.Build.0 = Debug|x64
		{CC5DD3D0-0E0F-4518-8845-437BAC8A2323}.Debug|x86.ActiveCfg = Debug|Win32
		{CC5DD3D0-0E0F-4518-8845-437BAC8A2323}.Debug|x86.Build.0 = Debug|Win32
		{CC5DD3D0-0E0F-4518-8845-437BAC8A2323}.Release|x64.ActiveCfg = Release|x64
		{CC5DD3D0-0E0F-4518-8845-437BAC8A2323}.Release|x64.Build.0 = Release|x64
		{CC5DD3D0-0E0F-4518-8845-437BAC8A2323}.Release|x86.ActiveCfg = Release|Win32
		{CC5DD3D0-0E0F-4518-8845-437BAC8A2323}.Release|x86.Build.0 = Release|Win32
		{BAB5991A-AC6D-4D5F-9A67-523E27561427}.Debug|x64.ActiveCfg = Debug|x64
		{BAB5991A-AC6D-4D5F-9A67-523E27561427}.Debug|x64.Build.0 = Debug|x64
		{BAB5991A-AC6D-4D5F-9A67-523E27561427}.Debug|x86.ActiveCfg = Debug|Win32
		{BAB5991A-AC6D-4D5F-9A67-523E27561427}.Debug|x86.Build.0 = Debug|Win32
		{BAB5991A-AC6D-4D5F-9A67-523E27561427}.Release|x64.ActiveCfg = Release|x64
		{BAB5991A-AC6D-4D5F-9A67-523E27561427}.Release|x64.Build.0 = Release|x64
		{BAB5991A-AC6D-4D5F-9A67-523E27561427}.Release|x86.ActiveCfg = Release|Win32
		{BAB5991A-AC6D-4D5F-9A67-523E27561427}.Release|x86.Build.0 = Release|Win32
		{1DA790C5-A99F-479E-90E7-5642F8903CE5}.Debug|x64.ActiveCfg = Debug|x64
		{1DA790C5-A99F-479E-90E7-5642F8903CE5}.Debug|x64.Build.0 = Debug|x64
		{1DA790C5-A99F-479E-90E7-5642F8903CE5}.Debug|x86.ActiveCfg = Debug|Win32
		{1DA790C5-A99F-479E-90E7-5642F8903CE5}.Debug|x86.Build.0 = Debug|Win32
		{1DA790C5-A99F-479E-90E7-5642F8903CE5}.Release|x64.ActiveCfg = Release|x64
		{1DA790C5-A99F-479E-90E7-5642F8903CE5}.Release|x64.Build.0 = Release|x64
		{1DA790C5-A99F-479E-90E7-5642F8903CE5}.Release|x86.ActiveCfg = Release|Win32
		{1DA790C5-A99F-479E-90E7-5642F8903CE5}.Release|x86.Build.0 = Release|Win32
		{00B72881-2072-4A32-8CE5-6BF831FA72A0}.Debug|x64.ActiveCfg = Debug|x64
		{00B72881-2072-4A32-8CE5-6BF831FA72A0}.Debug|x64.Build.0 = Debug|x64
		{00B72881-2072-4A32-8CE5-6BF831FA72A0}.Debug|x86.ActiveCfg = Debug|Win32
		{00B72881-2072-4A32-8CE5-6BF831FA72A0}.Debug|x86.Build.0 = Debug|Win32
		{00B72881-2072-4A32-8CE5-6BF831FA72A0}.Release|x64.ActiveCfg = Release|x64
		{00B72881-2072-4A32-8CE5-6BF831FA72A0}.Release|x64.Build.0 = Release|x64
		{00B72881-2072-4A32-8CE5-6BF831FA72A0}.Release|x86.ActiveCfg = Release|Win32
		{00B72881-2072-4A32-8CE5-6BF831FA72A0}.Release|x86.Build.0 = Release|Win32
		{47AFCB52-8F4B-4AE8-8B38-85717CA89FAE}.Debug|x64.ActiveCfg = Debug|x64
		{47AFCB52-8F4B-4AE8-8B38-85717CA89FAE}.Debug|x64.Build.0 = Debug|x64
		{47AFCB52-8F4B-4AE8-8B38-85717CA89FAE}.Debug|x86.ActiveCfg = Debug|Win32
		{47AFCB52-8F4B-4AE8-8B38-85717CA89FAE}.Debug|x86.Build.0 = Debug|Win32
		{47AFCB52-8F4B-4AE8-8B38-85717CA89FAE}.Release|x64.ActiveCfg = Release|x64
		{47AFCB52-8F4B-4AE8-8B38-85717CA89FAE}.Release|x64.Build.0 = Release|x64
		{47AFCB52-8F4B-4AE8-8B38-85717CA89FAE}.Release|x86.ActiveCfg = Release|Win32
		{47AFCB52-8F4B-4AE8-8B38-85717CA89FAE}.Release|x86.Build.0 = Release|Win32
		{7C1EACF3-4865-4662-AA97-77BABA0A9123}.Debug|x64.ActiveCfg = Debug|x64
		{7C1EACF3-4865-4662-AA97-77BABA0A9123}.Debug|x64.Build.0 = Debug|x64
		{7C1EACF3-4865-4662-AA97-77BABA0A9123}.Debug|x86.ActiveCfg = Debug|Win32
		{7C1EACF3-4865-4662-AA97-77BABA0A9123}.Debug|x86.Build.0 = Debug|Win32
		{7C1EACF3-4865-4662-AA97-77BABA0A9123}.Release|x64.ActiveCfg = Release|x64
		{7C1EACF3-4865-4662-AA97-77BABA0A9123}.Release|x64.Build.0 = Release|x64
		{7C1EACF3-4865-4662-AA97-77BABA0A9123}.Release|x86.ActiveCfg = Release|Win32
		{7C1EACF3-4865-4662-AA97-77BABA0A9123}.Release|x86.Build.0 = Release|Win32
		{09D62BBB-3B21-47D5-811B-EFD4C97785D5}.Debug|x64.ActiveCfg = Debug|x64
		{09D62BBB-3B21-47D5-811B-EFD4C97785D5}.Debug|x64.Build.0 = Debug|x64
		{09D62BBB-3B21-47D5-811B-EFD4C97785D5}.Debug|x86.ActiveCfg = Debug|Win32
		{09D62BBB-3B21-47D5-811B-EFD4C97785D5}.Debug|x86.Build.0 = Debug|Win32
		{09D62BBB-3B21-47D5-811B-EFD4C97785D5}.Release|x64.ActiveCfg = Release|x64
		{09D62BBB-3B21-47D5-811B-EFD4C97785D5}.Release|x64.Build.0 = Release|x64
		{09D62BBB-3B21-47D5-811B-EFD4C97785D5}.Release|x86.ActiveCfg = Release|Win32
		{09D62BBB-3B21-47D5-811B-EFD4C97785D5}.Release|x86.Build.0 = Release|Win32
		{2E25BC41-659C-42A4-9AE7-A76C2870B608}.Debug|x64.ActiveCfg = Debug|x64
		{2E25BC41-659C-42A4-9AE7-A76C2870B608}.Debug|x64.Build.0 = Debug|x64
		{2E25BC41-659C-42A4-9AE7-A76C2870B608}.Debug|x86.ActiveCfg = Debug|Win32
		{2E25BC41-659C-42A4-9AE7-A76C2870B608}.Debug|x86.Build.0 = Debug|Win32
		{2E25BC41-659C-42A4-9AE7-A76C2870B608}.Release|x64.ActiveCfg = Release|x64
		{2E25BC41-659C-42A4-9AE7-A76C2870B608}.Release|x64.Build.0 = Release|x64
		{2E25BC41-659C-42A4-9AE7-A76C2870B608}.Release|x86.ActiveCfg = Release|Win32
		{2E25BC41-659C-42A4-9AE7-A76C2870B608}.Release|x86.Build.0 = Release|Win32
	EndGlobalSection
	GlobalSection(SolutionProperties) = preSolution
		HideSolutionNode = FALSE
	EndGlobalSection
	GlobalSection(ExtensibilityGlobals) = postSolution
		SolutionGuid = {B6737906-D994-405E-B681-D30B9F533A11}
	EndGlobalSection
EndGlobal
