
Microsoft Visual Studio Solution File, Format Version 12.00
# Visual Studio Version 17
VisualStudioVersion = 17.5.33502.453
MinimumVisualStudioVersion = 10.0.40219.1
Project("{8BC9CEB8-8B4A-11D0-8D11-00A0C91BC942}") = "Task 1", "Homework 1-12.09.23\Homework 1-12.09.23.vcxproj", "{FF1703D3-D2FF-49BC-922A-964B95F3B60C}"
EndProject
Project("{8BC9CEB8-8B4A-11D0-8D11-00A0C91BC942}") = "Task 2", "Task 2\Task 2.vcxproj", "{31D3DF11-DC4C-4F2A-BDCB-49C877811A9D}"
EndProject
Global
	GlobalSection(SolutionConfigurationPlatforms) = preSolution
		Debug|x64 = Debug|x64
		Debug|x86 = Debug|x86
		Release|x64 = Release|x64
		Release|x86 = Release|x86
	EndGlobalSection
	GlobalSection(ProjectConfigurationPlatforms) = postSolution
		{FF1703D3-D2FF-49BC-922A-964B95F3B60C}.Debug|x64.ActiveCfg = Debug|x64
		{FF1703D3-D2FF-49BC-922A-964B95F3B60C}.Debug|x64.Build.0 = Debug|x64
		{FF1703D3-D2FF-49BC-922A-964B95F3B60C}.Debug|x86.ActiveCfg = Debug|Win32
		{FF1703D3-D2FF-49BC-922A-964B95F3B60C}.Debug|x86.Build.0 = Debug|Win32
		{FF1703D3-D2FF-49BC-922A-964B95F3B60C}.Release|x64.ActiveCfg = Release|x64
		{FF1703D3-D2FF-49BC-922A-964B95F3B60C}.Release|x64.Build.0 = Release|x64
		{FF1703D3-D2FF-49BC-922A-964B95F3B60C}.Release|x86.ActiveCfg = Release|Win32
		{FF1703D3-D2FF-49BC-922A-964B95F3B60C}.Release|x86.Build.0 = Release|Win32
		{31D3DF11-DC4C-4F2A-BDCB-49C877811A9D}.Debug|x64.ActiveCfg = Debug|x64
		{31D3DF11-DC4C-4F2A-BDCB-49C877811A9D}.Debug|x64.Build.0 = Debug|x64
		{31D3DF11-DC4C-4F2A-BDCB-49C877811A9D}.Debug|x86.ActiveCfg = Debug|Win32
		{31D3DF11-DC4C-4F2A-BDCB-49C877811A9D}.Debug|x86.Build.0 = Debug|Win32
		{31D3DF11-DC4C-4F2A-BDCB-49C877811A9D}.Release|x64.ActiveCfg = Release|x64
		{31D3DF11-DC4C-4F2A-BDCB-49C877811A9D}.Release|x64.Build.0 = Release|x64
		{31D3DF11-DC4C-4F2A-BDCB-49C877811A9D}.Release|x86.ActiveCfg = Release|Win32
		{31D3DF11-DC4C-4F2A-BDCB-49C877811A9D}.Release|x86.Build.0 = Release|Win32
	EndGlobalSection
	GlobalSection(SolutionProperties) = preSolution
		HideSolutionNode = FALSE
	EndGlobalSection
	GlobalSection(ExtensibilityGlobals) = postSolution
		SolutionGuid = {A7EA8B12-0765-4ED2-983F-FF9D41A7BE98}
	EndGlobalSection
EndGlobal
