
Microsoft Visual Studio Solution File, Format Version 12.00
# Visual Studio Version 17
VisualStudioVersion = 17.5.33502.453
MinimumVisualStudioVersion = 10.0.40219.1
Project("{8BC9CEB8-8B4A-11D0-8D11-00A0C91BC942}") = "Task 1", "Task 1\Task 1.vcxproj", "{D8088E4C-381E-4052-A6AC-1EF8E6F2EED1}"
EndProject
Project("{8BC9CEB8-8B4A-11D0-8D11-00A0C91BC942}") = "Task 2", "Task 2\Task 2.vcxproj", "{8A2A04EC-936A-4B56-A3DC-1699A20CDDAE}"
EndProject
Global
	GlobalSection(SolutionConfigurationPlatforms) = preSolution
		Debug|x64 = Debug|x64
		Debug|x86 = Debug|x86
		Release|x64 = Release|x64
		Release|x86 = Release|x86
	EndGlobalSection
	GlobalSection(ProjectConfigurationPlatforms) = postSolution
		{D8088E4C-381E-4052-A6AC-1EF8E6F2EED1}.Debug|x64.ActiveCfg = Debug|x64
		{D8088E4C-381E-4052-A6AC-1EF8E6F2EED1}.Debug|x64.Build.0 = Debug|x64
		{D8088E4C-381E-4052-A6AC-1EF8E6F2EED1}.Debug|x86.ActiveCfg = Debug|Win32
		{D8088E4C-381E-4052-A6AC-1EF8E6F2EED1}.Debug|x86.Build.0 = Debug|Win32
		{D8088E4C-381E-4052-A6AC-1EF8E6F2EED1}.Release|x64.ActiveCfg = Release|x64
		{D8088E4C-381E-4052-A6AC-1EF8E6F2EED1}.Release|x64.Build.0 = Release|x64
		{D8088E4C-381E-4052-A6AC-1EF8E6F2EED1}.Release|x86.ActiveCfg = Release|Win32
		{D8088E4C-381E-4052-A6AC-1EF8E6F2EED1}.Release|x86.Build.0 = Release|Win32
		{8A2A04EC-936A-4B56-A3DC-1699A20CDDAE}.Debug|x64.ActiveCfg = Debug|x64
		{8A2A04EC-936A-4B56-A3DC-1699A20CDDAE}.Debug|x64.Build.0 = Debug|x64
		{8A2A04EC-936A-4B56-A3DC-1699A20CDDAE}.Debug|x86.ActiveCfg = Debug|Win32
		{8A2A04EC-936A-4B56-A3DC-1699A20CDDAE}.Debug|x86.Build.0 = Debug|Win32
		{8A2A04EC-936A-4B56-A3DC-1699A20CDDAE}.Release|x64.ActiveCfg = Release|x64
		{8A2A04EC-936A-4B56-A3DC-1699A20CDDAE}.Release|x64.Build.0 = Release|x64
		{8A2A04EC-936A-4B56-A3DC-1699A20CDDAE}.Release|x86.ActiveCfg = Release|Win32
		{8A2A04EC-936A-4B56-A3DC-1699A20CDDAE}.Release|x86.Build.0 = Release|Win32
	EndGlobalSection
	GlobalSection(SolutionProperties) = preSolution
		HideSolutionNode = FALSE
	EndGlobalSection
	GlobalSection(ExtensibilityGlobals) = postSolution
		SolutionGuid = {4370517F-0B36-4CA3-84F1-E2D8B954AE69}
	EndGlobalSection
EndGlobal
