
Microsoft Visual Studio Solution File, Format Version 12.00
# Visual Studio Version 17
VisualStudioVersion = 17.3.32901.215
MinimumVisualStudioVersion = 10.0.40219.1
Project("{8BC9CEB8-8B4A-11D0-8D11-00A0C91BC942}") = "Task 1", "Task 1\Task 1.vcxproj", "{747FE134-8A06-445C-A3F3-15109552C14D}"
EndProject
Project("{8BC9CEB8-8B4A-11D0-8D11-00A0C91BC942}") = "Task 2", "Task 2\Task 2.vcxproj", "{CE218B13-FDE0-4EDB-8153-FD92EAFDF07D}"
EndProject
Project("{8BC9CEB8-8B4A-11D0-8D11-00A0C91BC942}") = "Task 3", "Task 3\Task 3.vcxproj", "{2804F6FB-2132-4979-8069-EA7613B8EAF5}"
EndProject
Project("{8BC9CEB8-8B4A-11D0-8D11-00A0C91BC942}") = "Task 4 from GA", "Task 4 from GA\Task 4 from GA.vcxproj", "{2B33630A-13B8-4AF9-B85A-0C862F42D11E}"
EndProject
Global
	GlobalSection(SolutionConfigurationPlatforms) = preSolution
		Debug|x64 = Debug|x64
		Debug|x86 = Debug|x86
		Release|x64 = Release|x64
		Release|x86 = Release|x86
	EndGlobalSection
	GlobalSection(ProjectConfigurationPlatforms) = postSolution
		{747FE134-8A06-445C-A3F3-15109552C14D}.Debug|x64.ActiveCfg = Debug|x64
		{747FE134-8A06-445C-A3F3-15109552C14D}.Debug|x64.Build.0 = Debug|x64
		{747FE134-8A06-445C-A3F3-15109552C14D}.Debug|x86.ActiveCfg = Debug|Win32
		{747FE134-8A06-445C-A3F3-15109552C14D}.Debug|x86.Build.0 = Debug|Win32
		{747FE134-8A06-445C-A3F3-15109552C14D}.Release|x64.ActiveCfg = Release|x64
		{747FE134-8A06-445C-A3F3-15109552C14D}.Release|x64.Build.0 = Release|x64
		{747FE134-8A06-445C-A3F3-15109552C14D}.Release|x86.ActiveCfg = Release|Win32
		{747FE134-8A06-445C-A3F3-15109552C14D}.Release|x86.Build.0 = Release|Win32
		{CE218B13-FDE0-4EDB-8153-FD92EAFDF07D}.Debug|x64.ActiveCfg = Debug|x64
		{CE218B13-FDE0-4EDB-8153-FD92EAFDF07D}.Debug|x64.Build.0 = Debug|x64
		{CE218B13-FDE0-4EDB-8153-FD92EAFDF07D}.Debug|x86.ActiveCfg = Debug|Win32
		{CE218B13-FDE0-4EDB-8153-FD92EAFDF07D}.Debug|x86.Build.0 = Debug|Win32
		{CE218B13-FDE0-4EDB-8153-FD92EAFDF07D}.Release|x64.ActiveCfg = Release|x64
		{CE218B13-FDE0-4EDB-8153-FD92EAFDF07D}.Release|x64.Build.0 = Release|x64
		{CE218B13-FDE0-4EDB-8153-FD92EAFDF07D}.Release|x86.ActiveCfg = Release|Win32
		{CE218B13-FDE0-4EDB-8153-FD92EAFDF07D}.Release|x86.Build.0 = Release|Win32
		{2804F6FB-2132-4979-8069-EA7613B8EAF5}.Debug|x64.ActiveCfg = Debug|x64
		{2804F6FB-2132-4979-8069-EA7613B8EAF5}.Debug|x64.Build.0 = Debug|x64
		{2804F6FB-2132-4979-8069-EA7613B8EAF5}.Debug|x86.ActiveCfg = Debug|Win32
		{2804F6FB-2132-4979-8069-EA7613B8EAF5}.Debug|x86.Build.0 = Debug|Win32
		{2804F6FB-2132-4979-8069-EA7613B8EAF5}.Release|x64.ActiveCfg = Release|x64
		{2804F6FB-2132-4979-8069-EA7613B8EAF5}.Release|x64.Build.0 = Release|x64
		{2804F6FB-2132-4979-8069-EA7613B8EAF5}.Release|x86.ActiveCfg = Release|Win32
		{2804F6FB-2132-4979-8069-EA7613B8EAF5}.Release|x86.Build.0 = Release|Win32
		{2B33630A-13B8-4AF9-B85A-0C862F42D11E}.Debug|x64.ActiveCfg = Debug|x64
		{2B33630A-13B8-4AF9-B85A-0C862F42D11E}.Debug|x64.Build.0 = Debug|x64
		{2B33630A-13B8-4AF9-B85A-0C862F42D11E}.Debug|x86.ActiveCfg = Debug|Win32
		{2B33630A-13B8-4AF9-B85A-0C862F42D11E}.Debug|x86.Build.0 = Debug|Win32
		{2B33630A-13B8-4AF9-B85A-0C862F42D11E}.Release|x64.ActiveCfg = Release|x64
		{2B33630A-13B8-4AF9-B85A-0C862F42D11E}.Release|x64.Build.0 = Release|x64
		{2B33630A-13B8-4AF9-B85A-0C862F42D11E}.Release|x86.ActiveCfg = Release|Win32
		{2B33630A-13B8-4AF9-B85A-0C862F42D11E}.Release|x86.Build.0 = Release|Win32
	EndGlobalSection
	GlobalSection(SolutionProperties) = preSolution
		HideSolutionNode = FALSE
	EndGlobalSection
	GlobalSection(ExtensibilityGlobals) = postSolution
		SolutionGuid = {FD60406E-E571-4FF5-B908-06D647643DF7}
	EndGlobalSection
EndGlobal
